# This file was autogenerated by Stack.
# You should not edit this file by hand.
# For more information, please see the documentation at:
#   https://docs.haskellstack.org/en/stable/lock_files

packages:
- completed:
    hackage: diagnose-2.5.1@sha256:853fd268d7fe0191b79d73187104bf7b4bc5ce3bc3483cb088dc10b09f18abc8,5977
    pantry-tree:
      sha256: 99b2b3c2b2d3769ef45b030b0578ac7b3ce8b1b68ae7dd511857e7690ad19f52
      size: 1401
  original:
    hackage: diagnose-2.5.1
- completed:
    hackage: qbe-1.1.0.0@sha256:6c4a3863e80b45e69e2f6f9b26192d6c95b6b2ff63f1a779004fdc36e5d1ba6b,2987
    pantry-tree:
      sha256: 633e60fffefffb254617a2bf3bee197a518349f895697165bae77d9f7fc18bf6
      size: 1195
  original:
    hackage: qbe-1.1.0.0@sha256:6c4a3863e80b45e69e2f6f9b26192d6c95b6b2ff63f1a779004fdc36e5d1ba6b,2987
snapshots:
- completed:
    sha256: a81fb3877c4f9031e1325eb3935122e608d80715dc16b586eb11ddbff8671ecd
    size: 640086
    url: https://raw.githubusercontent.com/commercialhaskell/stackage-snapshots/master/lts/21/25.yaml
  original:
    url: https://raw.githubusercontent.com/commercialhaskell/stackage-snapshots/master/lts/21/25.yaml
